
Microsoft Visual Studio Solution File, Format Version 12.00
# Visual Studio Version 16
VisualStudioVersion = 16.0.31911.196
MinimumVisualStudioVersion = 10.0.40219.1
Project("{FAE04EC0-301F-11D3-BF4B-00C04F79EFBC}") = "CoreMonthlyevidence", "CoreMonthlyevidence\CoreMonthlyevidence.csproj", "{68F86348-601E-4B02-BC97-D48BC1F06FA3}"
EndProject
Global
	GlobalSection(SolutionConfigurationPlatforms) = preSolution
		Debug|Any CPU = Debug|Any CPU
		Release|Any CPU = Release|Any CPU
	EndGlobalSection
	GlobalSection(ProjectConfigurationPlatforms) = postSolution
		{68F86348-601E-4B02-BC97-D48BC1F06FA3}.Debug|Any CPU.ActiveCfg = Debug|Any CPU
		{68F86348-601E-4B02-BC97-D48BC1F06FA3}.Debug|Any CPU.Build.0 = Debug|Any CPU
		{68F86348-601E-4B02-BC97-D48BC1F06FA3}.Release|Any CPU.ActiveCfg = Release|Any CPU
		{68F86348-601E-4B02-BC97-D48BC1F06FA3}.Release|Any CPU.Build.0 = Release|Any CPU
	EndGlobalSection
	GlobalSection(SolutionProperties) = preSolution
		HideSolutionNode = FALSE
	EndGlobalSection
	GlobalSection(ExtensibilityGlobals) = postSolution
		SolutionGuid = {4B397DA9-5E96-404C-BE90-1312E46B3B68}
	EndGlobalSection
EndGlobal
